
Microsoft Visual Studio Solution File, Format Version 12.00
# Visual Studio Version 17
VisualStudioVersion = 17.8.34525.116
MinimumVisualStudioVersion = 10.0.40219.1
Project("{2150E333-8FDC-42A3-9474-1A3956D46DE8}") = "src", "src", "{D1539F37-D344-4405-8482-87E6116D4D5E}"
EndProject
Project("{2150E333-8FDC-42A3-9474-1A3956D46DE8}") = "test", "test", "{469C5825-2D44-49BC-80AA-032FD95BDAD2}"
EndProject
Project("{2150E333-8FDC-42A3-9474-1A3956D46DE8}") = "API", "API", "{B4280466-8D59-4584-8998-7085C345EF21}"
EndProject
Project("{2150E333-8FDC-42A3-9474-1A3956D46DE8}") = "Core", "Core", "{7AA7ECD6-1CB8-406C-8903-F6E0A74D9DD6}"
EndProject
Project("{2150E333-8FDC-42A3-9474-1A3956D46DE8}") = "Infrastructure", "Infrastructure", "{1E6043AC-6E74-4C59-96BB-B39464F9950B}"
EndProject
Project("{2150E333-8FDC-42A3-9474-1A3956D46DE8}") = "UI", "UI", "{98311C21-772B-4CFD-A00E-0B735A684DDA}"
EndProject
Project("{9A19103F-16F7-4668-BE54-9A1E7A4F7556}") = "HR.LeaveManagement.Domain", "HR.LeaveManagement.Domain\HR.LeaveManagement.Domain.csproj", "{64499D6D-B6B3-42CE-BF85-88DDBBDBDE1D}"
EndProject
Project("{9A19103F-16F7-4668-BE54-9A1E7A4F7556}") = "HR.LeaveManagement.Application", "HR.LeaveManagement.Application\HR.LeaveManagement.Application.csproj", "{AB545088-9A91-4D72-B5FF-2A7DDE2AB5D5}"
EndProject
Project("{9A19103F-16F7-4668-BE54-9A1E7A4F7556}") = "HR.LeaveManagement.Persistence", "HR.LeaveManagement.Persistence\HR.LeaveManagement.Persistence.csproj", "{FA514315-BAFC-428A-89E0-A673465C5F44}"
EndProject
Project("{9A19103F-16F7-4668-BE54-9A1E7A4F7556}") = "HR.LeaveManagement.Infrastructure", "HR.LeaveManagement.Infrastructure\HR.LeaveManagement.Infrastructure.csproj", "{C958EA48-7D51-435D-876A-28F8F2C6DEEC}"
EndProject
Project("{9A19103F-16F7-4668-BE54-9A1E7A4F7556}") = "HR.LeaveManagement.Api", "HR.LeaveManagement.Api\HR.LeaveManagement.Api.csproj", "{00415A74-84B9-4176-AC41-F4EFAF7AC4E8}"
EndProject
Project("{FAE04EC0-301F-11D3-BF4B-00C04F79EFBC}") = "HR.LeaveManagementApplication.UnitTests", "HR.LeaveManagementApplication.UnitTests\HR.LeaveManagementApplication.UnitTests.csproj", "{D46C687B-F9A5-49CD-9A2D-99A524896537}"
EndProject
Project("{FAE04EC0-301F-11D3-BF4B-00C04F79EFBC}") = "HR.LeaveManagement.Persistence.IntegrationTests", "HR.LeaveManagement.Persistence.IntegrationTests\HR.LeaveManagement.Persistence.IntegrationTests.csproj", "{BDAF668D-A022-40C3-9555-395B9E345DA4}"
EndProject
Global
	GlobalSection(SolutionConfigurationPlatforms) = preSolution
		Debug|Any CPU = Debug|Any CPU
		Release|Any CPU = Release|Any CPU
	EndGlobalSection
	GlobalSection(ProjectConfigurationPlatforms) = postSolution
		{64499D6D-B6B3-42CE-BF85-88DDBBDBDE1D}.Debug|Any CPU.ActiveCfg = Debug|Any CPU
		{64499D6D-B6B3-42CE-BF85-88DDBBDBDE1D}.Debug|Any CPU.Build.0 = Debug|Any CPU
		{64499D6D-B6B3-42CE-BF85-88DDBBDBDE1D}.Release|Any CPU.ActiveCfg = Release|Any CPU
		{64499D6D-B6B3-42CE-BF85-88DDBBDBDE1D}.Release|Any CPU.Build.0 = Release|Any CPU
		{AB545088-9A91-4D72-B5FF-2A7DDE2AB5D5}.Debug|Any CPU.ActiveCfg = Debug|Any CPU
		{AB545088-9A91-4D72-B5FF-2A7DDE2AB5D5}.Debug|Any CPU.Build.0 = Debug|Any CPU
		{AB545088-9A91-4D72-B5FF-2A7DDE2AB5D5}.Release|Any CPU.ActiveCfg = Release|Any CPU
		{AB545088-9A91-4D72-B5FF-2A7DDE2AB5D5}.Release|Any CPU.Build.0 = Release|Any CPU
		{FA514315-BAFC-428A-89E0-A673465C5F44}.Debug|Any CPU.ActiveCfg = Debug|Any CPU
		{FA514315-BAFC-428A-89E0-A673465C5F44}.Debug|Any CPU.Build.0 = Debug|Any CPU
		{FA514315-BAFC-428A-89E0-A673465C5F44}.Release|Any CPU.ActiveCfg = Release|Any CPU
		{FA514315-BAFC-428A-89E0-A673465C5F44}.Release|Any CPU.Build.0 = Release|Any CPU
		{C958EA48-7D51-435D-876A-28F8F2C6DEEC}.Debug|Any CPU.ActiveCfg = Debug|Any CPU
		{C958EA48-7D51-435D-876A-28F8F2C6DEEC}.Debug|Any CPU.Build.0 = Debug|Any CPU
		{C958EA48-7D51-435D-876A-28F8F2C6DEEC}.Release|Any CPU.ActiveCfg = Release|Any CPU
		{C958EA48-7D51-435D-876A-28F8F2C6DEEC}.Release|Any CPU.Build.0 = Release|Any CPU
		{00415A74-84B9-4176-AC41-F4EFAF7AC4E8}.Debug|Any CPU.ActiveCfg = Debug|Any CPU
		{00415A74-84B9-4176-AC41-F4EFAF7AC4E8}.Debug|Any CPU.Build.0 = Debug|Any CPU
		{00415A74-84B9-4176-AC41-F4EFAF7AC4E8}.Release|Any CPU.ActiveCfg = Release|Any CPU
		{00415A74-84B9-4176-AC41-F4EFAF7AC4E8}.Release|Any CPU.Build.0 = Release|Any CPU
		{D46C687B-F9A5-49CD-9A2D-99A524896537}.Debug|Any CPU.ActiveCfg = Debug|Any CPU
		{D46C687B-F9A5-49CD-9A2D-99A524896537}.Debug|Any CPU.Build.0 = Debug|Any CPU
		{D46C687B-F9A5-49CD-9A2D-99A524896537}.Release|Any CPU.ActiveCfg = Release|Any CPU
		{D46C687B-F9A5-49CD-9A2D-99A524896537}.Release|Any CPU.Build.0 = Release|Any CPU
		{BDAF668D-A022-40C3-9555-395B9E345DA4}.Debug|Any CPU.ActiveCfg = Debug|Any CPU
		{BDAF668D-A022-40C3-9555-395B9E345DA4}.Debug|Any CPU.Build.0 = Debug|Any CPU
		{BDAF668D-A022-40C3-9555-395B9E345DA4}.Release|Any CPU.ActiveCfg = Release|Any CPU
		{BDAF668D-A022-40C3-9555-395B9E345DA4}.Release|Any CPU.Build.0 = Release|Any CPU
	EndGlobalSection
	GlobalSection(SolutionProperties) = preSolution
		HideSolutionNode = FALSE
	EndGlobalSection
	GlobalSection(NestedProjects) = preSolution
		{B4280466-8D59-4584-8998-7085C345EF21} = {D1539F37-D344-4405-8482-87E6116D4D5E}
		{7AA7ECD6-1CB8-406C-8903-F6E0A74D9DD6} = {D1539F37-D344-4405-8482-87E6116D4D5E}
		{1E6043AC-6E74-4C59-96BB-B39464F9950B} = {D1539F37-D344-4405-8482-87E6116D4D5E}
		{98311C21-772B-4CFD-A00E-0B735A684DDA} = {D1539F37-D344-4405-8482-87E6116D4D5E}
		{64499D6D-B6B3-42CE-BF85-88DDBBDBDE1D} = {7AA7ECD6-1CB8-406C-8903-F6E0A74D9DD6}
		{AB545088-9A91-4D72-B5FF-2A7DDE2AB5D5} = {7AA7ECD6-1CB8-406C-8903-F6E0A74D9DD6}
		{FA514315-BAFC-428A-89E0-A673465C5F44} = {1E6043AC-6E74-4C59-96BB-B39464F9950B}
		{C958EA48-7D51-435D-876A-28F8F2C6DEEC} = {1E6043AC-6E74-4C59-96BB-B39464F9950B}
		{00415A74-84B9-4176-AC41-F4EFAF7AC4E8} = {B4280466-8D59-4584-8998-7085C345EF21}
		{D46C687B-F9A5-49CD-9A2D-99A524896537} = {469C5825-2D44-49BC-80AA-032FD95BDAD2}
		{BDAF668D-A022-40C3-9555-395B9E345DA4} = {469C5825-2D44-49BC-80AA-032FD95BDAD2}
	EndGlobalSection
	GlobalSection(ExtensibilityGlobals) = postSolution
		SolutionGuid = {3BFF8138-0AB1-4D7B-896D-E588535B2CD6}
	EndGlobalSection
EndGlobal
